# This file is autogenerated, do not edit; changes may be undone by the next 'dep ensure'.


[[projects]]
  branch = "master"
  digest = "1:6978a38432a017763a148afbc7ce6491734b54292af7d3e969d84d2e9dd242e2"
  name = "github.com/Azure/go-ansiterm"
  packages = [
    ".",
    "winterm",
  ]
  pruneopts = ""
  revision = "d6e3b3328b783f23731bc4d058875b0371ff8109"

[[projects]]
  digest = "1:33f920ba428942560c22c0e145127dc09a52c52d64eac284daea6b0926fab0d1"
  name = "github.com/Nvveen/Gotty"
  packages = ["."]
  pruneopts = ""
  revision = "a8b993ba6abdb0e0c12b0125c603323a71c7790c"
  source = "https://github.com/ijc25/Gotty"

[[projects]]
  digest = "1:b73fe282e350b3ef2c71d8ff08e929e0b9670b1bb5b7fde1d3c1b4cd6e6dc8b1"
  name = "github.com/Sirupsen/logrus"
  packages = ["."]
  pruneopts = ""
  revision = "dae0fa8d5b0c810a8ab733fbd5510c7cae84eca4"
  version = "v1.4.0"

[[projects]]
  digest = "1:61c24bdb660a326b420d5422c4fd124041b4aac88e212c6ac75f3a57b0b9cada"
  name = "github.com/agext/levenshtein"
  packages = ["."]
  pruneopts = ""
  revision = "5f10fee965225ac1eecdc234c09daf5cd9e7f7b6"
  version = "v1.2.1"

[[projects]]
  digest = "1:512bc9de1296fe6f58b8f02b27175ff7fcd0c496ffc8097b538e4646b3bc740e"
  name = "github.com/agl/ed25519"
  packages = [
    ".",
    "edwards25519",
  ]
  pruneopts = ""
  revision = "278e1ec8e8a6e017cd07577924d6766039146ced"

[[projects]]
  digest = "1:61b332fe3705f6309641695e2796582953eae64fdcc21c42701e5ebfde4b4c5f"
  name = "github.com/apparentlymart/go-cidr"
  packages = ["cidr"]
  pruneopts = ""
  revision = "b1115bf8e14a60131a196f908223e4506b0ddc35"
  version = "v1.0.0"

[[projects]]
  digest = "1:88582b880b0505525e5df57a02651688aecd489c7919f8a642d9a092e282d24a"
  name = "github.com/apparentlymart/go-textseg"
  packages = ["textseg"]
  pruneopts = ""
  revision = "fb01f485ebef760e5ee06d55e1b07534dda2d295"
  version = "v1.0.0"

[[projects]]
  digest = "1:5680f8c40e48f07cb77aece3165a866aaf8276305258b3b70db8ec7ad6ddb78d"
  name = "github.com/armon/go-radix"
  packages = ["."]
  pruneopts = ""
  revision = "1a2de0c21c94309923825da3df33a4381872c795"
  version = "v1.0.0"

[[projects]]
  digest = "1:f121436b92b95fb83080a3143b6b7c9a27e297c614cac830199fe512f5074b8d"
  name = "github.com/aws/aws-sdk-go"
  packages = [
    "aws",
    "aws/arn",
    "aws/awserr",
    "aws/awsutil",
    "aws/client",
    "aws/client/metadata",
    "aws/corehandlers",
    "aws/credentials",
    "aws/credentials/ec2rolecreds",
    "aws/credentials/endpointcreds",
    "aws/credentials/processcreds",
    "aws/credentials/stscreds",
    "aws/crr",
    "aws/csm",
    "aws/defaults",
    "aws/ec2metadata",
    "aws/endpoints",
    "aws/request",
    "aws/session",
    "aws/signer/v4",
    "internal/ini",
    "internal/s3err",
    "internal/sdkio",
    "internal/sdkrand",
    "internal/sdkuri",
    "internal/shareddefaults",
    "private/protocol",
    "private/protocol/ec2query",
    "private/protocol/eventstream",
    "private/protocol/eventstream/eventstreamapi",
    "private/protocol/json/jsonutil",
    "private/protocol/jsonrpc",
    "private/protocol/query",
    "private/protocol/query/queryutil",
    "private/protocol/rest",
    "private/protocol/restjson",
    "private/protocol/restxml",
    "private/protocol/xml/xmlutil",
    "private/signer/v2",
    "service/acm",
    "service/acmpca",
    "service/apigateway",
    "service/apigatewayv2",
    "service/applicationautoscaling",
    "service/appmesh",
    "service/appsync",
    "service/athena",
    "service/autoscaling",
    "service/backup",
    "service/batch",
    "service/budgets",
    "service/cloud9",
    "service/cloudformation",
    "service/cloudfront",
    "service/cloudhsmv2",
    "service/cloudsearch",
    "service/cloudtrail",
    "service/cloudwatch",
    "service/cloudwatchevents",
    "service/cloudwatchlogs",
    "service/codebuild",
    "service/codecommit",
    "service/codedeploy",
    "service/codepipeline",
    "service/cognitoidentity",
    "service/cognitoidentityprovider",
    "service/configservice",
    "service/costandusagereportservice",
    "service/databasemigrationservice",
    "service/datapipeline",
    "service/datasync",
    "service/dax",
    "service/devicefarm",
    "service/directconnect",
    "service/directoryservice",
    "service/dlm",
    "service/docdb",
    "service/dynamodb",
    "service/ec2",
    "service/ecr",
    "service/ecs",
    "service/efs",
    "service/eks",
    "service/elasticache",
    "service/elasticbeanstalk",
    "service/elasticsearchservice",
    "service/elastictranscoder",
    "service/elb",
    "service/elbv2",
    "service/emr",
    "service/firehose",
    "service/fms",
    "service/fsx",
    "service/gamelift",
    "service/glacier",
    "service/globalaccelerator",
    "service/glue",
    "service/guardduty",
    "service/iam",
    "service/inspector",
    "service/iot",
    "service/kafka",
    "service/kinesis",
    "service/kinesisanalytics",
    "service/kinesisanalyticsv2",
    "service/kms",
    "service/lambda",
    "service/lexmodelbuildingservice",
    "service/licensemanager",
    "service/lightsail",
    "service/macie",
    "service/mediaconnect",
    "service/mediaconvert",
    "service/medialive",
    "service/mediapackage",
    "service/mediastore",
    "service/mediastoredata",
    "service/mq",
    "service/neptune",
    "service/opsworks",
    "service/organizations",
    "service/pinpoint",
    "service/pricing",
    "service/ram",
    "service/rds",
    "service/redshift",
    "service/resourcegroups",
    "service/route53",
    "service/route53resolver",
    "service/s3",
    "service/s3control",
    "service/sagemaker",
    "service/secretsmanager",
    "service/securityhub",
    "service/serverlessapplicationrepository",
    "service/servicecatalog",
    "service/servicediscovery",
    "service/ses",
    "service/sfn",
    "service/shield",
    "service/simpledb",
    "service/sns",
    "service/sqs",
    "service/ssm",
    "service/storagegateway",
    "service/sts",
    "service/swf",
    "service/transfer",
    "service/waf",
    "service/wafregional",
    "service/worklink",
    "service/workspaces",
  ]
  pruneopts = ""
  revision = "9000241da407010f1e20c6dcbf00d0cbc9255ff9"
  version = "v1.19.4"

[[projects]]
  digest = "1:b5f28f7eda54d2695765c778c951a2ace52c06afb7da1f7e0c7485baa5b02100"
  name = "github.com/beevik/etree"
  packages = ["."]
  pruneopts = ""
  revision = "9d7e8feddccb4ed1b8afb54e368bd323d2ff652c"
  version = "v1.0.1"

[[projects]]
  digest = "1:98e84060475ed245c3b355042afd43a74aa7d32efe50658f4f995977916f9fc3"
  name = "github.com/bgentry/go-netrc"
  packages = ["netrc"]
  pruneopts = ""
  revision = "9fd32a8b3d3d3f9d43c341bfe098430e07609480"

[[projects]]
  digest = "1:15ceb8ca7a71db4c426d8aef1909ea074f6840efa163490bb2798f475624e4ae"
  name = "github.com/bgentry/speakeasy"
  packages = ["."]
  pruneopts = ""
  revision = "4aabc24848ce5fd31929f7d1e4ea74d3709c14cd"
  version = "v0.1.0"

[[projects]]
  digest = "1:79421244ba5848aae4b0a5c41e633a04e4894cb0b164a219dc8c15ec7facb7f1"
  name = "github.com/blang/semver"
  packages = ["."]
  pruneopts = ""
  revision = "2ee87856327ba09384cabd113bc6b5d174e9ec0f"
  version = "v3.5.1"

[[projects]]
  digest = "1:0deddd908b6b4b768cfc272c16ee61e7088a60f7fe2f06c547bd3d8e1f8b8e77"
  name = "github.com/davecgh/go-spew"
  packages = ["spew"]
  pruneopts = ""
  revision = "8991bc29aa16c548c550c7ff78260e27b9ab7c73"
  version = "v1.1.1"

[[projects]]
  digest = "1:82d115eea49c038ccbcd74608c4815e7addc2f30ce861544d725d2770900c280"
  name = "github.com/djherbis/times"
  packages = ["."]
  pruneopts = ""
  revision = "847c5208d8924cea0acea3376ff62aede93afe39"
  version = "v1.2.0"

[[projects]]
  digest = "1:a60acfb78bd12ce7b2101f0cc0bca8cd83db6aa60bf1e6ddfd33e83013083ddf"
  name = "github.com/docker/docker"
  packages = [
    "pkg/term",
    "pkg/term/windows",
  ]
  pruneopts = ""
  revision = "092cba3727bb9b4a2f0e922cd6c0f93ea270e363"
  version = "v1.13.1"

[[projects]]
  digest = "1:f1a75a8e00244e5ea77ff274baa9559eb877437b240ee7b278f3fc560d9f08bf"
  name = "github.com/dustin/go-humanize"
  packages = [
    ".",
    "english",
  ]
  pruneopts = ""
  revision = "9f541cc9db5d55bce703bd99987c9d5cb8eea45e"
  version = "v1.0.0"

[[projects]]
  digest = "1:f21c1a68814ffc02db479adbd973c710e0ece6150ddc0726655c0a2048299152"
  name = "github.com/emirpasic/gods"
  packages = [
    "containers",
    "lists",
    "lists/arraylist",
    "trees",
    "trees/binaryheap",
    "utils",
  ]
  pruneopts = ""
  revision = "1615341f118ae12f353cc8a983f35b584342c9b3"
  version = "v1.12.0"

[[projects]]
  branch = "master"
  digest = "1:f406e345c8ef92f06e3e02f72dec4415c6f0721da43bc7f47ecd65899a417e2f"
  name = "github.com/gedex/inflector"
  packages = ["."]
  pruneopts = ""
  revision = "16278e9db8130ac7ec405dc174cfb94344f16325"

[[projects]]
  digest = "1:a4724325f1d3bd4127dac415e980c7c28f2e08f4d0ba2513e7de9980906604ef"
  name = "github.com/gofrs/flock"
  packages = ["."]
  pruneopts = ""
  revision = "392e7fae8f1b0bdbd67dad7237d23f618feb6dbb"
  version = "v0.7.1"

[[projects]]
  digest = "1:527e1e468c5586ef2645d143e9f5fbd50b4fe5abc8b1e25d9f1c416d22d24895"
  name = "github.com/gogo/protobuf"
  packages = [
    "proto",
    "sortkeys",
  ]
  pruneopts = ""
  revision = "4cbf7e384e768b4e01799441fdf2a706a5635ae7"
  version = "v1.2.0"

[[projects]]
  digest = "1:107b233e45174dbab5b1324201d092ea9448e58243ab9f039e4c0f332e121e3a"
  name = "github.com/golang/glog"
  packages = ["."]
  pruneopts = ""
  revision = "23def4e6c14b4da8ac2ed8007337bc5eb5007998"

[[projects]]
  digest = "1:529d738b7976c3848cae5cf3a8036440166835e389c1f617af701eeb12a0518d"
  name = "github.com/golang/protobuf"
  packages = [
    "proto",
    "protoc-gen-go/descriptor",
    "ptypes",
    "ptypes/any",
    "ptypes/duration",
    "ptypes/empty",
    "ptypes/struct",
    "ptypes/timestamp",
  ]
  pruneopts = ""
  revision = "b5d812f8a3706043e23a9cd5babf2e5423744d30"
  version = "v1.3.1"

[[projects]]
  digest = "1:2a5888946cdbc8aa360fd43301f9fc7869d663f60d5eedae7d4e6e5e4f06f2bf"
  name = "github.com/golang/snappy"
  packages = ["."]
  pruneopts = ""
  revision = "2e65f85255dbc3072edf28d6b5b8efc472979f5a"

[[projects]]
  digest = "1:754f77e9c839b24778a4b64422236d38515301d2baeb63113aa3edc42e6af692"
  name = "github.com/google/gofuzz"
  packages = ["."]
  pruneopts = ""
  revision = "24818f796faf91cd76ec7bddd72458fbced7a6c1"

[[projects]]
  branch = "master"
  digest = "1:0c93b4970c254d3f8f76c3e8eb72571d6f24a15415f9c418ecb0801ba5765a90"
  name = "github.com/grpc-ecosystem/grpc-opentracing"
  packages = ["go/otgrpc"]
  pruneopts = ""
  revision = "8e809c8a86450a29b90dcc9efbf062d0fe6d9746"

[[projects]]
  digest = "1:360bd26e2cd774e910b75a4e3a69852b746146578b5cbadf5e8fc6d4bac22056"
  name = "github.com/hashicorp/aws-sdk-go-base"
  packages = ["."]
  pruneopts = ""
  revision = "51281492b48141180c0d50b814d73b7d438872db"
  version = "v0.3.0"

[[projects]]
  digest = "1:8e3bd93036b4a925fe2250d3e4f38f21cadb8ef623561cd80c3c50c114b13201"
  name = "github.com/hashicorp/errwrap"
  packages = ["."]
  pruneopts = ""
  revision = "8a6fb523712970c966eefc6b39ed2c5e74880354"
  version = "v1.0.0"

[[projects]]
  digest = "1:05334858a0cfb538622a066e065287f63f42bee26a7fda93a789674225057201"
  name = "github.com/hashicorp/go-cleanhttp"
  packages = ["."]
  pruneopts = ""
  revision = "e8ab9daed8d1ddd2d3c4efba338fe2eeae2e4f18"
  version = "v0.5.0"

[[projects]]
  digest = "1:42d84ba130733e6055cd06ed8b354080aa4bc4032e75bb5b864ba7b49e98cd3d"
  name = "github.com/hashicorp/go-getter"
  packages = [
    ".",
    "helper/url",
  ]
  pruneopts = ""
  revision = "90bb99a48d86cf1d327cee9968f7428f90ba13c1"

[[projects]]
  digest = "1:72308fdd6d5ef61106a95be7ca72349a5565809042b6426a3cfb61d99483b824"
  name = "github.com/hashicorp/go-multierror"
  packages = ["."]
  pruneopts = ""
  revision = "886a7fbe3eb1c874d46f623bfa70af45f425b3d1"
  version = "v1.0.0"

[[projects]]
  digest = "1:82f6c9a55c0bd9744064418f049d5232bb8b8cc45eb32e72c0adefaf158a0f9b"
  name = "github.com/hashicorp/go-safetemp"
  packages = ["."]
  pruneopts = ""
  revision = "c9a55de4fe06c920a71964b53cfe3dd293a3c743"
  version = "v1.0.0"

[[projects]]
  digest = "1:d35e07e002ccc51cb01fa77e932ea62206c4d3b2fb0fa1f1b052885942108a96"
  name = "github.com/hashicorp/go-uuid"
  packages = ["."]
  pruneopts = ""
  revision = "de160f5c59f693fed329e73e291bb751fe4ea4dc"
  version = "v1.0.0"

[[projects]]
  digest = "1:8c7fb7f81c06add10a17362abc1ae569ff9765a26c061c6b6e67c909f4f414db"
  name = "github.com/hashicorp/go-version"
  packages = ["."]
  pruneopts = ""
  revision = "b5a281d3160aa11950a6182bd9a9dc2cb1e02d50"
  version = "v1.0.0"

[[projects]]
  digest = "1:9b7c5846d70f425d7fe279595e32a20994c6075e87be03b5c367ed07280877c5"
  name = "github.com/hashicorp/hcl"
  packages = [
    ".",
    "hcl/ast",
    "hcl/parser",
    "hcl/scanner",
    "hcl/strconv",
    "hcl/token",
    "json/parser",
    "json/scanner",
    "json/token",
  ]
  pruneopts = ""
  revision = "ef8a98b0bbce4a65b5aa4c368430a80ddc533168"

[[projects]]
  digest = "1:df5a09df0ccaa0f07d68c7702c6fe2e06408d475ca903cb47ad1c98cabf16106"
  name = "github.com/hashicorp/hcl2"
  packages = [
    "gohcl",
    "hcl",
    "hcl/hclsyntax",
    "hcl/json",
    "hcldec",
    "hclparse",
  ]
  pruneopts = ""
  revision = "5f8ed954abd873b2c09616ba0aa607892bbca7e9"

[[projects]]
  digest = "1:f63bbfd54a9ebe0f15cd6597d58f404874fd20739faf56170879767db2fe69dc"
  name = "github.com/hashicorp/hil"
  packages = [
    ".",
    "ast",
    "parser",
    "scanner",
  ]
  pruneopts = ""
  revision = "fa9f258a92500514cc8e9c67020487709df92432"

[[projects]]
  digest = "1:51430c345f48c781f7f43146b574ec498c62c608bfff3715fef4c915d96ed4fc"
  name = "github.com/hashicorp/logutils"
  packages = ["."]
  pruneopts = ""
  revision = "a335183dfd075f638afcc820c90591ca3c97eba6"
  version = "v1.0.0"

[[projects]]
  digest = "1:1a9bae26dcac288393d4003232c13b2c99ddd8054bb8ee70cd264c27ab49d3dd"
  name = "github.com/hashicorp/terraform"
  packages = [
    "config",
    "config/configschema",
    "config/hcl2shim",
    "config/module",
    "dag",
    "flatmap",
    "helper/config",
    "helper/customdiff",
    "helper/encryption",
    "helper/hashcode",
    "helper/hilmapstructure",
    "helper/logging",
    "helper/mutexkv",
    "helper/resource",
    "helper/schema",
    "helper/structure",
    "helper/validation",
    "httpclient",
    "moduledeps",
    "plugin/discovery",
    "registry",
    "registry/regsrc",
    "registry/response",
    "svchost",
    "svchost/auth",
    "svchost/disco",
    "terraform",
    "tfdiags",
    "version",
  ]
  pruneopts = ""
  revision = "057286e5228559722bfc9bf6a03679650358c9d2"
  version = "v0.11.12"

[[projects]]
  digest = "1:d18bd2106eed6a53efcd3f4dc9faa9492488f51b94e6fd80eae92abda0ec0202"
  name = "github.com/hashicorp/vault"
  packages = [
    "helper/compressutil",
    "helper/jsonutil",
    "helper/pgpkeys",
  ]
  pruneopts = ""
  revision = "e21712a687889de1125e0a12a980420b1a4f72d3"
  version = "v0.10.4"

[[projects]]
  digest = "1:870d441fe217b8e689d7949fef6e43efbc787e50f200cb1e70dbca9204a1d6be"
  name = "github.com/inconshreveable/mousetrap"
  packages = ["."]
  pruneopts = ""
  revision = "76626ae9c91c4f2a10f34cad8ce83ea42c93bb75"
  version = "v1.0"

[[projects]]
  branch = "master"
  digest = "1:95abc4eba158a39873bd4fabdee576d0ae13826b550f8b710881d80ae4093a0f"
  name = "github.com/jbenet/go-context"
  packages = ["io"]
  pruneopts = ""
  revision = "d14ea06fba99483203c19d92cfcd13ebe73135f4"

[[projects]]
  digest = "1:e7d5512ebcc298155d1199bf7aef467583b9e250b125f30aea028408db6fb3a2"
  name = "github.com/jen20/awspolicyequivalence"
  packages = ["."]
  pruneopts = ""
  revision = "9ebbf3c225b2b9da629263e13c3015a5de7965d1"
  version = "v1.0.0"

[[projects]]
  digest = "1:13fe471d0ed891e8544eddfeeb0471fd3c9f2015609a1c000aefdedf52a19d40"
  name = "github.com/jmespath/go-jmespath"
  packages = ["."]
  pruneopts = ""
  revision = "c2b33e8439af944379acbdd9c3a5fe0bc44bd8a5"

[[projects]]
  branch = "master"
  digest = "1:63e7368fcf6b54804076eaec26fd9cf0c4466166b272393db4b93102e1e962df"
  name = "github.com/kballard/go-shellquote"
  packages = ["."]
  pruneopts = ""
  revision = "95032a82bc518f77982ea72343cc1ade730072f0"

[[projects]]
  digest = "1:41e0bed5df4f9fd04c418bf9b6b7179b3671e416ad6175332601ca1c8dc74606"
  name = "github.com/kevinburke/ssh_config"
  packages = ["."]
  pruneopts = ""
  revision = "81db2a75821ed34e682567d48be488a1c3121088"
  version = "0.5"

[[projects]]
  digest = "1:a8d41bb505f0575c76b40fcf1ae27700fdecf950f8e76322674d19a6f2eb199c"
  name = "github.com/keybase/go-crypto"
  packages = [
    "brainpool",
    "cast5",
    "openpgp",
    "openpgp/armor",
    "openpgp/elgamal",
    "openpgp/errors",
    "openpgp/packet",
    "openpgp/s2k",
    "rsa",
  ]
  pruneopts = ""
  revision = "93f5b35093ba15e0f86e412cc5c767d5c10c15fd"

[[projects]]
  digest = "1:0f51cee70b0d254dbc93c22666ea2abf211af81c1701a96d04e2284b408621db"
  name = "github.com/konsorten/go-windows-terminal-sequences"
  packages = ["."]
  pruneopts = ""
  revision = "f55edac94c9bbba5d6182a4be46d86a2c9b5b50e"
  version = "v1.0.2"

[[projects]]
  digest = "1:68a6e186197511a29f6447792f1d947d5be6894d9606748598131a94d5e6aa98"
  name = "github.com/kubernetes-sigs/aws-iam-authenticator"
  packages = [
    "pkg/arn",
    "pkg/token",
  ]
  pruneopts = ""
  revision = "82544ec86140b7027a07890b09c2f03fca97228a"

[[projects]]
  digest = "1:9ea83adf8e96d6304f394d40436f2eb44c1dc3250d223b74088cc253a6cd0a1c"
  name = "github.com/mattn/go-colorable"
  packages = ["."]
  pruneopts = ""
  revision = "167de6bfdfba052fa6b2d3664c8f5272e23c9072"
  version = "v0.0.9"

[[projects]]
  digest = "1:3140e04675a6a91d2a20ea9d10bdadf6072085502e6def6768361260aee4b967"
  name = "github.com/mattn/go-isatty"
  packages = ["."]
  pruneopts = ""
  revision = "6ca4dbf54d38eea1a992b3c722a76a5d1c4cb25c"
  version = "v0.0.4"

[[projects]]
  branch = "master"
  digest = "1:50416da10e189bc201e122e20078fb8e680a439cbdd24aaece06c434b4415b60"
  name = "github.com/mgutz/ansi"
  packages = ["."]
  pruneopts = ""
  revision = "9520e82c474b0a04dd04f8a40959027271bab992"

[[projects]]
  digest = "1:73e6c9545d606f6f3aa01c81bca39bd488cab35f1440c3e7f97216b828eea98b"
  name = "github.com/mitchellh/cli"
  packages = ["."]
  pruneopts = ""
  revision = "33edc47170b5df54d2588696d590c5e20ee583fe"

[[projects]]
  digest = "1:ddc46aaac89d6465fd0b5fd13ab1931d0ff5c2863937e9fccdbc14c991b50c06"
  name = "github.com/mitchellh/copystructure"
  packages = ["."]
  pruneopts = ""
  revision = "9a1b6f44e8da0e0e374624fb0a825a231b00c537"
  version = "v1.0.0"

[[projects]]
  digest = "1:096a8a9182648da3d00ff243b88407838902b6703fc12657f76890e08d1899bf"
  name = "github.com/mitchellh/go-homedir"
  packages = ["."]
  pruneopts = ""
  revision = "ae18d6b8b3205b561c79e8e5f69bff09736185f4"
  version = "v1.0.0"

[[projects]]
  digest = "1:1dee6133ab829c8559a39031ad1e0e3538e4a7b34d3e0509d1fc247737e928c1"
  name = "github.com/mitchellh/go-ps"
  packages = ["."]
  pruneopts = ""
  revision = "4fdf99ab29366514c69ccccddab5dc58b8d84062"

[[projects]]
  digest = "1:51c98e2c9a8d0a724a69f46421876af14e12132cb02f1d0e144785d752247162"
  name = "github.com/mitchellh/go-testing-interface"
  packages = ["."]
  pruneopts = ""
  revision = "a61a99592b77c9ba629d254a693acffaeb4b7e28"

[[projects]]
  digest = "1:713b341855f1480e4baca1e7c5434e1d266441340685ecbde32d59bdc065fb3f"
  name = "github.com/mitchellh/go-wordwrap"
  packages = ["."]
  pruneopts = ""
  revision = "9e67c67572bc5dd02aef930e2b0ae3c02a4b5a5c"
  version = "v1.0.0"

[[projects]]
  digest = "1:387d79bfe8a4f0f300a22d65782108a94861eecfe652ffff30e8f91857ad81bb"
  name = "github.com/mitchellh/hashstructure"
  packages = ["."]
  pruneopts = ""
  revision = "a38c50148365edc8df43c1580c48fb2b3a1e9cd7"
  version = "v1.0.0"

[[projects]]
  digest = "1:5219b4506253ccc598f9340677162a42d6a78f340a4cc6df2d62db4d0593c4e9"
  name = "github.com/mitchellh/mapstructure"
  packages = ["."]
  pruneopts = ""
  revision = "fa473d140ef3c6adf42d6b391fe76707f1f243c8"
  version = "v1.0.0"

[[projects]]
  digest = "1:5584c8fba4fbaac85a65c9b86320fdfb6fdd5ce86b3f8fd7ddb5082d20567bd3"
  name = "github.com/mitchellh/reflectwalk"
  packages = ["."]
  pruneopts = ""
  revision = "eecee6c969c02c8cc2ae48e1e269843ae8590796"
  version = "v1.0.0"

[[projects]]
  digest = "1:1fc4897d3cc482d070651563c16a51489296cd9150e6d53fb7ff4d59a24334bc"
  name = "github.com/opentracing/opentracing-go"
  packages = [
    ".",
    "ext",
    "log",
  ]
  pruneopts = ""
  revision = "659c90643e714681897ec2521c60567dd21da733"
  version = "v1.1.0"

[[projects]]
  digest = "1:049b5bee78dfdc9628ee0e557219c41f683e5b06c5a5f20eaba0105ccc586689"
  name = "github.com/pelletier/go-buffruneio"
  packages = ["."]
  pruneopts = ""
  revision = "c37440a7cf42ac63b919c752ca73a85067e05992"
  version = "v0.2.0"

[[projects]]
  digest = "1:7365acd48986e205ccb8652cc746f09c8b7876030d53710ea6ef7d0bd0dcd7ca"
  name = "github.com/pkg/errors"
  packages = ["."]
  pruneopts = ""
  revision = "645ef00459ed84a119197bfb8d8205042c6df63d"
  version = "v0.8.0"

[[projects]]
  digest = "1:256484dbbcd271f9ecebc6795b2df8cad4c458dd0f5fd82a8c2fa0c29f233411"
  name = "github.com/pmezard/go-difflib"
  packages = ["difflib"]
  pruneopts = ""
  revision = "792786c7400a136282c1664665ae0a8db921c6c2"
  version = "v1.0.0"

[[projects]]
  digest = "1:c9d3ddb508bdacf631ff4fdeeaa833464e208498511a9b1695bac62fddd43cef"
  name = "github.com/posener/complete"
  packages = [
    ".",
    "cmd",
    "cmd/install",
    "match",
  ]
  pruneopts = ""
  revision = "6bee943216c8cea4cc983c8596346d8945279a1f"

[[projects]]
  branch = "master"
  digest = "1:607f17119db2da50eaed945c14544416ca24554d297e1418fc2e0b1e70439e32"
  name = "github.com/pulumi/pulumi"
  packages = [
    "pkg/apitype",
    "pkg/apitype/migrate",
    "pkg/backend",
    "pkg/backend/display",
    "pkg/backend/filestate",
    "pkg/diag",
    "pkg/diag/colors",
    "pkg/encoding",
    "pkg/engine",
    "pkg/operations",
    "pkg/resource",
    "pkg/resource/config",
    "pkg/resource/deploy",
    "pkg/resource/deploy/providers",
    "pkg/resource/edit",
    "pkg/resource/graph",
    "pkg/resource/plugin",
    "pkg/resource/provider",
    "pkg/resource/stack",
    "pkg/testing",
    "pkg/testing/integration",
    "pkg/tokens",
    "pkg/tools",
    "pkg/util/buildutil",
    "pkg/util/cancel",
    "pkg/util/ciutil",
    "pkg/util/cmdutil",
    "pkg/util/contract",
    "pkg/util/fsutil",
    "pkg/util/gitutil",
    "pkg/util/httputil",
    "pkg/util/logging",
    "pkg/util/mapper",
    "pkg/util/result",
    "pkg/util/retry",
    "pkg/util/rpcutil",
    "pkg/util/rpcutil/rpcerror",
    "pkg/version",
    "pkg/workspace",
    "sdk/go/pulumi",
    "sdk/go/pulumi/asset",
    "sdk/go/pulumi/config",
    "sdk/proto/go",
  ]
  pruneopts = ""
  revision = "26b7bc7d261c219969fcccf85f7320a768e40ed5"

[[projects]]
  branch = "master"
  digest = "1:9d7f831062a914be549d0a70aa21eb51fcac07ee23a1766f2a696697dbb425f1"
  name = "github.com/pulumi/pulumi-terraform"
  packages = [
    "pkg/tfbridge",
    "pkg/tfgen",
  ]
  pruneopts = ""
  revision = "38d2b5dbe280775e3c1cd6c9fe7837e7bb0956e9"

[[projects]]
  branch = "master"
  digest = "1:54469a609929faa3afc743b2e56086963a62920f375b2bce839e0e60551d3df4"
  name = "github.com/reconquest/loreley"
  packages = ["."]
  pruneopts = ""
  revision = "7824c7cf5983a9247573e2e9a6fd38b6a9abe7ad"

[[projects]]
  digest = "1:8f956d17662ac1b55d71d6cbb42d036905a637baf16d243a408690e8bb4df0b9"
  name = "github.com/satori/go.uuid"
  packages = ["."]
  pruneopts = ""
  revision = "b061729afc07e77a8aa4fad0a2fd840958f1942a"

[[projects]]
  digest = "1:3962f553b77bf6c03fc07cd687a22dd3b00fe11aa14d31194f5505f5bb65cdc8"
  name = "github.com/sergi/go-diff"
  packages = ["diffmatchpatch"]
  pruneopts = ""
  revision = "1744e2970ca51c86172c8190fadad617561ed6e7"
  version = "v1.0.0"

[[projects]]
  digest = "1:d0b38ba6da419a6d4380700218eeec8623841d44a856bb57369c172fbf692ab4"
  name = "github.com/spf13/cast"
  packages = ["."]
  pruneopts = ""
  revision = "8965335b8c7107321228e3e3702cab9832751bac"
  version = "v1.2.0"

[[projects]]
  digest = "1:74c32990510c9f188556aa17600313e867d1d06f5a9db244056a95d144ec34ce"
  name = "github.com/spf13/cobra"
  packages = ["."]
  pruneopts = ""
  revision = "a1f051bc3eba734da4772d60e2d677f47cf93ef4"
  version = "v0.0.2"

[[projects]]
  digest = "1:cbaf13cdbfef0e4734ed8a7504f57fe893d471d62a35b982bf6fb3f036449a66"
  name = "github.com/spf13/pflag"
  packages = ["."]
  pruneopts = ""
  revision = "298182f68c66c05229eb03ac171abe6e309ee79a"
  version = "v1.0.3"

[[projects]]
  digest = "1:740b31391e4c3e4d2b5a20e1cbf2c2f7765275ead23945acc7669c36c0b8095a"
  name = "github.com/src-d/gcfg"
  packages = [
    ".",
    "scanner",
    "token",
    "types",
  ]
  pruneopts = ""
  revision = "1ac3a1ac202429a54835fe8408a92880156b489d"
  version = "v1.4.0"

[[projects]]
  digest = "1:381bcbeb112a51493d9d998bbba207a529c73dbb49b3fd789e48c63fac1f192c"
  name = "github.com/stretchr/testify"
  packages = ["assert"]
  pruneopts = ""
  revision = "ffdc059bfe9ce6a4e144ba849dbedead332c6053"
  version = "v1.3.0"

[[projects]]
  branch = "pulumi-master"
  digest = "1:189ccdc69b9ca328267be7cd1e4d25949ddbbbd0e331d0210792efcce8d3cf27"
  name = "github.com/terraform-providers/terraform-provider-aws"
  packages = ["aws"]
  pruneopts = ""
  revision = "bc63e22b58e9d7be1d67dc95088cbfbe3cc080fa"
  source = "github.com/pulumi/terraform-provider-aws"

[[projects]]
  branch = "master"
  digest = "1:ff0671f12ff98386398469e4b44453369fe164563f48ddb6c6b8ce6963379f97"
  name = "github.com/texttheater/golang-levenshtein"
  packages = ["levenshtein"]
  pruneopts = ""
  revision = "d188e65d659ef53fcdb0691c12f1bba64928b649"

[[projects]]
  digest = "1:92c0006b9a06518452bad6275babc396a0b9afcdfe870d5494fe67a2beb6c2be"
  name = "github.com/uber/jaeger-client-go"
  packages = [
    ".",
    "internal/baggage",
    "internal/spanlog",
    "internal/throttler",
    "log",
    "thrift",
    "thrift-gen/agent",
    "thrift-gen/jaeger",
    "thrift-gen/sampling",
    "thrift-gen/zipkincore",
    "transport/zipkin",
    "utils",
  ]
  pruneopts = ""
  revision = "2f47546e3facd43297739439600bcf43f44cce5d"
  version = "v2.16.0"

[[projects]]
  digest = "1:2e2e1bf63381476d203354c0c3c4692d103e8d02ea2bfafe8e3f80a04c925b87"
  name = "github.com/uber/jaeger-lib"
  packages = ["metrics"]
  pruneopts = ""
  revision = "0e30338a695636fe5bcf7301e8030ce8dd2a8530"
  version = "v2.0.0"

[[projects]]
  digest = "1:ee723e6a1962a196eeba1b24f82af61a4f60f8821d7aa96d48e787f8337bcffc"
  name = "github.com/ulikunitz/xz"
  packages = [
    ".",
    "internal/hash",
    "internal/xlog",
    "lzma",
  ]
  pruneopts = ""
  revision = "0c6b41e72360850ca4f98dc341fd999726ea007f"
  version = "v0.5.4"

[[projects]]
  digest = "1:afc0b8068986a01e2d8f449917829753a54f6bd4d1265c2b4ad9cba75560020f"
  name = "github.com/xanzy/ssh-agent"
  packages = ["."]
  pruneopts = ""
  revision = "640f0ab560aeb89d523bb6ac322b1244d5c3796c"
  version = "v0.2.0"

[[projects]]
  digest = "1:eed171208eb3fdec1c09f20418fe1bc6fe37bdf495c52ac8eeabb5b0b4ec7dd4"
  name = "github.com/zclconf/go-cty"
  packages = [
    "cty",
    "cty/convert",
    "cty/function",
    "cty/function/stdlib",
    "cty/gocty",
    "cty/json",
    "cty/set",
  ]
  pruneopts = ""
  revision = "49fa5e03c418f95f78684c91e155af06aa901a32"

[[projects]]
  digest = "1:611a70e69144bea3f3af803347c60490c4b6d5c39bd85a1e8217d0398ab1fb89"
  name = "golang.org/x/crypto"
  packages = [
    "bcrypt",
    "blowfish",
    "cast5",
    "curve25519",
    "ed25519",
    "ed25519/internal/edwards25519",
    "internal/chacha20",
    "openpgp",
    "openpgp/armor",
    "openpgp/elgamal",
    "openpgp/errors",
    "openpgp/packet",
    "openpgp/s2k",
    "pbkdf2",
    "poly1305",
    "ssh",
    "ssh/agent",
    "ssh/knownhosts",
    "ssh/terminal",
  ]
  pruneopts = ""
  revision = "4ec37c66abab2c7e02ae775328b2ff001c3f025a"

[[projects]]
  digest = "1:4f7cbb08d72e1163302e2d21415200a7bc281653f5f34eda8a15c0da11a337b0"
  name = "golang.org/x/net"
  packages = [
    "context",
    "html",
    "html/atom",
    "http/httpguts",
    "http2",
    "http2/hpack",
    "idna",
    "internal/timeseries",
    "trace",
  ]
  pruneopts = ""
  revision = "3a22650c66bd7f4fb6d1e8072ffd7b75c8a27898"

[[projects]]
  digest = "1:814474ab808c5e04b9334d046f8a0060fc1724c2c02acfd00a7cc0008d675455"
  name = "golang.org/x/sync"
  packages = ["errgroup"]
  pruneopts = ""
  revision = "37e7f081c4d4c64e13b10787722085407fe5d15f"

[[projects]]
  digest = "1:de99191d5db38e17beb783bdcdab9d8d1a6938948834b2579f500f3bdfbcdac0"
  name = "golang.org/x/sys"
  packages = [
    "unix",
    "windows",
  ]
  pruneopts = ""
  revision = "95b1ffbd15a57cc5abb3f04402b9e8ec0016a52c"

[[projects]]
  digest = "1:5acd3512b047305d49e8763eef7ba423901e85d5dd2fd1e71778a0ea8de10bd4"
  name = "golang.org/x/text"
  packages = [
    "collate",
    "collate/build",
    "internal/colltab",
    "internal/gen",
    "internal/tag",
    "internal/triegen",
    "internal/ucd",
    "language",
    "secure/bidirule",
    "transform",
    "unicode/bidi",
    "unicode/cldr",
    "unicode/norm",
    "unicode/rangetable",
  ]
  pruneopts = ""
  revision = "f21a4dfb5e38f5895301dc265a8def02365cc3d0"
  version = "v0.3.0"

[[projects]]
  digest = "1:180913ea45cbe0072abce387a686b929908f8213106a735fe1d1273ae5239648"
  name = "google.golang.org/genproto"
  packages = ["googleapis/rpc/status"]
  pruneopts = ""
  revision = "f676e0f3ac6395ff1a529ae59a6670878a8371a6"

[[projects]]
  digest = "1:d95a283bebc39392b2e3e238d25d570b40f38d3b9c7218b7611c147d5ab477ef"
  name = "google.golang.org/grpc"
  packages = [
    ".",
    "balancer",
    "balancer/roundrobin",
    "codes",
    "connectivity",
    "credentials",
    "grpclb/grpc_lb_v1/messages",
    "grpclog",
    "internal",
    "keepalive",
    "metadata",
    "naming",
    "peer",
    "reflection",
    "reflection/grpc_reflection_v1alpha",
    "resolver",
    "resolver/dns",
    "resolver/passthrough",
    "stats",
    "status",
    "tap",
    "transport",
  ]
  pruneopts = ""
  revision = "b5eab4ccac6df282ff981436a5a87554d7377c75"

[[projects]]
  digest = "1:17d1f647fe6a7d4eebb15e0e468178c058e365e4e734d1402ca7215169dd8d29"
  name = "gopkg.in/AlecAivazis/survey.v1"
  packages = [
    ".",
    "core",
    "terminal",
  ]
  pruneopts = ""
  revision = "ee72c28b95a5ff3e227cfd403f556f0ef4b07ca5"
  version = "v1.8.2"

[[projects]]
  digest = "1:75fb3fcfc73a8c723efde7777b40e8e8ff9babf30d8c56160d01beffea8a95a6"
  name = "gopkg.in/inf.v0"
  packages = ["."]
  pruneopts = ""
  revision = "d2d2541c53f18d2a059457998ce2876cc8e67cbf"
  version = "v0.9.1"

[[projects]]
  digest = "1:cc4fc94e3088593a2cde96c032e05d1e3c7d494147d7a7d707445ccc478bf4a0"
  name = "gopkg.in/src-d/go-billy.v4"
  packages = [
    ".",
    "helper/chroot",
    "helper/polyfill",
    "osfs",
    "util",
  ]
  pruneopts = ""
  revision = "982626487c60a5252e7d0b695ca23fb0fa2fd670"
  version = "v4.3.0"

[[projects]]
  digest = "1:8b8c3a2fa9908caa5d9e1c8a7f57e527758522bbde64e2bafd59f86293c23da1"
  name = "gopkg.in/src-d/go-git.v4"
  packages = [
    ".",
    "config",
    "internal/revision",
    "internal/url",
    "plumbing",
    "plumbing/cache",
    "plumbing/filemode",
    "plumbing/format/config",
    "plumbing/format/diff",
    "plumbing/format/gitignore",
    "plumbing/format/idxfile",
    "plumbing/format/index",
    "plumbing/format/objfile",
    "plumbing/format/packfile",
    "plumbing/format/pktline",
    "plumbing/object",
    "plumbing/protocol/packp",
    "plumbing/protocol/packp/capability",
    "plumbing/protocol/packp/sideband",
    "plumbing/revlist",
    "plumbing/storer",
    "plumbing/transport",
    "plumbing/transport/client",
    "plumbing/transport/file",
    "plumbing/transport/git",
    "plumbing/transport/http",
    "plumbing/transport/internal/common",
    "plumbing/transport/server",
    "plumbing/transport/ssh",
    "storage",
    "storage/filesystem",
    "storage/filesystem/dotgit",
    "storage/memory",
    "utils/binary",
    "utils/diff",
    "utils/ioutil",
    "utils/merkletrie",
    "utils/merkletrie/filesystem",
    "utils/merkletrie/index",
    "utils/merkletrie/internal/frame",
    "utils/merkletrie/noder",
  ]
  pruneopts = ""
  revision = "db6c41c156481962abf9a55a324858674c25ab08"
  version = "v4.10.0"

[[projects]]
  digest = "1:ceec7e96590fb8168f36df4795fefe17051d4b0c2acc7ec4e260d8138c4dafac"
  name = "gopkg.in/warnings.v0"
  packages = ["."]
  pruneopts = ""
  revision = "ec4a0fea49c7b46c2aeb0b51aac55779c607e52b"
  version = "v0.1.2"

[[projects]]
  digest = "1:f0620375dd1f6251d9973b5f2596228cc8042e887cd7f827e4220bc1ce8c30e2"
  name = "gopkg.in/yaml.v2"
  packages = ["."]
  pruneopts = ""
  revision = "5420a8b6744d3b0345ab293f6fcba19c978f1183"
  version = "v2.2.1"

[[projects]]
  digest = "1:f768020148e1ccd263684d6b946c8803ab27fac46894d5fae8405fdb0816b9d6"
  name = "k8s.io/apimachinery"
  packages = [
    "pkg/api/resource",
    "pkg/apis/meta/v1",
    "pkg/conversion",
    "pkg/conversion/queryparams",
    "pkg/fields",
    "pkg/labels",
    "pkg/runtime",
    "pkg/runtime/schema",
    "pkg/selection",
    "pkg/types",
    "pkg/util/errors",
    "pkg/util/intstr",
    "pkg/util/json",
    "pkg/util/naming",
    "pkg/util/net",
    "pkg/util/runtime",
    "pkg/util/sets",
    "pkg/util/validation",
    "pkg/util/validation/field",
    "pkg/watch",
    "third_party/forked/golang/reflect",
  ]
  pruneopts = ""
  revision = "a98ff070d70e1d5c58428a86787e7a05a38cabe8"

[[projects]]
  digest = "1:96ab89894f66b77a0137bba12e607c6a9be992acadfb075b5602939e8519a157"
  name = "k8s.io/client-go"
  packages = [
    "pkg/apis/clientauthentication",
    "pkg/apis/clientauthentication/v1alpha1",
  ]
  pruneopts = ""
  revision = "e64494209f554a6723674bd494d69445fb76a1d4"
  version = "v10.0.0"

[[projects]]
  digest = "1:4f5eb833037cc0ba0bf8fe9cae6be9df62c19dd1c869415275c708daa8ccfda5"
  name = "k8s.io/klog"
  packages = ["."]
  pruneopts = ""
  revision = "a5bc97fbc634d635061f3146511332c7e313a55a"
  version = "v0.1.0"

[solve-meta]
  analyzer-name = "dep"
  analyzer-version = 1
  input-imports = [
    "github.com/aws/aws-sdk-go/aws",
    "github.com/aws/aws-sdk-go/aws/session",
    "github.com/aws/aws-sdk-go/service/lambda",
    "github.com/hashicorp/aws-sdk-go-base",
    "github.com/hashicorp/terraform/helper/schema",
    "github.com/hashicorp/terraform/terraform",
    "github.com/mitchellh/go-homedir",
    "github.com/pkg/errors",
    "github.com/pulumi/pulumi-terraform/pkg/tfbridge",
    "github.com/pulumi/pulumi-terraform/pkg/tfgen",
    "github.com/pulumi/pulumi/pkg/resource",
    "github.com/pulumi/pulumi/pkg/testing/integration",
    "github.com/pulumi/pulumi/pkg/tokens",
    "github.com/pulumi/pulumi/pkg/util/buildutil",
    "github.com/pulumi/pulumi/sdk/go/pulumi",
    "github.com/pulumi/pulumi/sdk/go/pulumi/config",
    "github.com/stretchr/testify/assert",
    "github.com/terraform-providers/terraform-provider-aws/aws",
  ]
  solver-name = "gps-cdcl"
  solver-version = 1
