
Microsoft Visual Studio Solution File, Format Version 12.00
# Visual Studio Version 17
VisualStudioVersion = 17.5.002.0
MinimumVisualStudioVersion = 10.0.40219.1
Project("{2150E333-8FDC-42A3-9474-1A3956D46DE8}") = "sdk", "sdk", "{CAAB4C51-7DD3-4A08-9E11-123A1987B5BE}"
EndProject
Project("{9A19103F-16F7-4668-BE54-9A1E7A4F7556}") = "Pulumi.Aws", "sdk\dotnet\Pulumi.Aws.csproj", "{16EB3418-CD3C-4BE1-AEBD-8887A1EEC2A2}"
EndProject
Project("{2150E333-8FDC-42A3-9474-1A3956D46DE8}") = "examples", "examples", "{9DF75D78-E532-4C51-912D-5AA2A1E991D7}"
EndProject
Project("{9A19103F-16F7-4668-BE54-9A1E7A4F7556}") = "AWS.Webserver", "examples\webserver-cs\AWS.Webserver.csproj", "{9B66AE11-C65C-49DA-BB69-09166354AF57}"
EndProject
Project("{2150E333-8FDC-42A3-9474-1A3956D46DE8}") = "sqs-fifo-queue", "sqs-fifo-queue", "{CA60B6D4-F1D6-4B71-9D9B-3700D067E1ED}"
EndProject
Project("{9A19103F-16F7-4668-BE54-9A1E7A4F7556}") = "testing-aws-fifo-dotnet", "examples\sqs-fifo-queue\csharp\testing-aws-fifo-dotnet.csproj", "{1912A5BD-2991-450B-8DA4-6D5AB8045B68}"
EndProject
Project("{2150E333-8FDC-42A3-9474-1A3956D46DE8}") = "nodejs", "nodejs", "{D4783527-D0BF-4554-9717-A255AB9D9D5A}"
EndProject
Project("{2150E333-8FDC-42A3-9474-1A3956D46DE8}") = "node_modules", "node_modules", "{FF3D459D-1497-45C5-905B-3550B511A356}"
EndProject
Project("{2150E333-8FDC-42A3-9474-1A3956D46DE8}") = "@pulumi", "@pulumi", "{5699AAF3-F209-48FE-837C-9E7EB6A50AD0}"
EndProject
Project("{2150E333-8FDC-42A3-9474-1A3956D46DE8}") = "pulumi", "pulumi", "{AE994EB5-D008-4289-A1D2-BB28F4DAFDD0}"
EndProject
Project("{2150E333-8FDC-42A3-9474-1A3956D46DE8}") = "tests", "tests", "{3D950104-793E-4380-B9D2-3A4C033A3155}"
EndProject
Project("{2150E333-8FDC-42A3-9474-1A3956D46DE8}") = "automation", "automation", "{03C5872B-4E83-4DF1-9B74-B61CFBCCD688}"
EndProject
Project("{2150E333-8FDC-42A3-9474-1A3956D46DE8}") = "data", "data", "{F4C69E06-1ECF-4EEF-963B-90718CD2023C}"
EndProject
Project("{9A19103F-16F7-4668-BE54-9A1E7A4F7556}") = "TestProj", "sdk\nodejs\node_modules\@pulumi\pulumi\tests\automation\data\testproj_dotnet\TestProj.csproj", "{E08C2E24-2D1F-46C8-8F42-9477A381D851}"
EndProject
Global
	GlobalSection(SolutionConfigurationPlatforms) = preSolution
		Debug|Any CPU = Debug|Any CPU
		Release|Any CPU = Release|Any CPU
	EndGlobalSection
	GlobalSection(ProjectConfigurationPlatforms) = postSolution
		{16EB3418-CD3C-4BE1-AEBD-8887A1EEC2A2}.Debug|Any CPU.ActiveCfg = Debug|Any CPU
		{16EB3418-CD3C-4BE1-AEBD-8887A1EEC2A2}.Debug|Any CPU.Build.0 = Debug|Any CPU
		{16EB3418-CD3C-4BE1-AEBD-8887A1EEC2A2}.Release|Any CPU.ActiveCfg = Release|Any CPU
		{16EB3418-CD3C-4BE1-AEBD-8887A1EEC2A2}.Release|Any CPU.Build.0 = Release|Any CPU
		{9B66AE11-C65C-49DA-BB69-09166354AF57}.Debug|Any CPU.ActiveCfg = Debug|Any CPU
		{9B66AE11-C65C-49DA-BB69-09166354AF57}.Debug|Any CPU.Build.0 = Debug|Any CPU
		{9B66AE11-C65C-49DA-BB69-09166354AF57}.Release|Any CPU.ActiveCfg = Release|Any CPU
		{9B66AE11-C65C-49DA-BB69-09166354AF57}.Release|Any CPU.Build.0 = Release|Any CPU
		{1912A5BD-2991-450B-8DA4-6D5AB8045B68}.Debug|Any CPU.ActiveCfg = Debug|Any CPU
		{1912A5BD-2991-450B-8DA4-6D5AB8045B68}.Debug|Any CPU.Build.0 = Debug|Any CPU
		{1912A5BD-2991-450B-8DA4-6D5AB8045B68}.Release|Any CPU.ActiveCfg = Release|Any CPU
		{1912A5BD-2991-450B-8DA4-6D5AB8045B68}.Release|Any CPU.Build.0 = Release|Any CPU
		{E08C2E24-2D1F-46C8-8F42-9477A381D851}.Debug|Any CPU.ActiveCfg = Debug|Any CPU
		{E08C2E24-2D1F-46C8-8F42-9477A381D851}.Debug|Any CPU.Build.0 = Debug|Any CPU
		{E08C2E24-2D1F-46C8-8F42-9477A381D851}.Release|Any CPU.ActiveCfg = Release|Any CPU
		{E08C2E24-2D1F-46C8-8F42-9477A381D851}.Release|Any CPU.Build.0 = Release|Any CPU
	EndGlobalSection
	GlobalSection(SolutionProperties) = preSolution
		HideSolutionNode = FALSE
	EndGlobalSection
	GlobalSection(NestedProjects) = preSolution
		{16EB3418-CD3C-4BE1-AEBD-8887A1EEC2A2} = {CAAB4C51-7DD3-4A08-9E11-123A1987B5BE}
		{9B66AE11-C65C-49DA-BB69-09166354AF57} = {9DF75D78-E532-4C51-912D-5AA2A1E991D7}
		{CA60B6D4-F1D6-4B71-9D9B-3700D067E1ED} = {9DF75D78-E532-4C51-912D-5AA2A1E991D7}
		{1912A5BD-2991-450B-8DA4-6D5AB8045B68} = {CA60B6D4-F1D6-4B71-9D9B-3700D067E1ED}
		{D4783527-D0BF-4554-9717-A255AB9D9D5A} = {CAAB4C51-7DD3-4A08-9E11-123A1987B5BE}
		{FF3D459D-1497-45C5-905B-3550B511A356} = {D4783527-D0BF-4554-9717-A255AB9D9D5A}
		{5699AAF3-F209-48FE-837C-9E7EB6A50AD0} = {FF3D459D-1497-45C5-905B-3550B511A356}
		{AE994EB5-D008-4289-A1D2-BB28F4DAFDD0} = {5699AAF3-F209-48FE-837C-9E7EB6A50AD0}
		{3D950104-793E-4380-B9D2-3A4C033A3155} = {AE994EB5-D008-4289-A1D2-BB28F4DAFDD0}
		{03C5872B-4E83-4DF1-9B74-B61CFBCCD688} = {3D950104-793E-4380-B9D2-3A4C033A3155}
		{F4C69E06-1ECF-4EEF-963B-90718CD2023C} = {03C5872B-4E83-4DF1-9B74-B61CFBCCD688}
		{E08C2E24-2D1F-46C8-8F42-9477A381D851} = {F4C69E06-1ECF-4EEF-963B-90718CD2023C}
	EndGlobalSection
	GlobalSection(ExtensibilityGlobals) = postSolution
		SolutionGuid = {69A87C94-7960-4FDA-B21C-81818CDADABF}
	EndGlobalSection
EndGlobal
