
Microsoft Visual Studio Solution File, Format Version 12.00
# Visual Studio Version 17
VisualStudioVersion = 17.5.002.0
MinimumVisualStudioVersion = 10.0.40219.1
Project("{2150E333-8FDC-42A3-9474-1A3956D46DE8}") = "sdk", "sdk", "{6F3521B2-2848-4842-8810-D5399065DEF4}"
EndProject
Project("{9A19103F-16F7-4668-BE54-9A1E7A4F7556}") = "Pulumi.Aws", "sdk\dotnet\Pulumi.Aws.csproj", "{F3769096-E99B-46D9-B47B-68D497C5AAFA}"
EndProject
Project("{2150E333-8FDC-42A3-9474-1A3956D46DE8}") = "examples", "examples", "{E9EA1AF7-175B-4074-8388-50945C57D25B}"
EndProject
Project("{9A19103F-16F7-4668-BE54-9A1E7A4F7556}") = "AWS.Webserver", "examples\webserver-cs\AWS.Webserver.csproj", "{14854AEF-6BFA-4E49-932F-95F94293C4B6}"
EndProject
Project("{2150E333-8FDC-42A3-9474-1A3956D46DE8}") = "sqs-fifo-queue", "sqs-fifo-queue", "{304E7333-D3CC-4975-A952-D2B9C684660C}"
EndProject
Project("{9A19103F-16F7-4668-BE54-9A1E7A4F7556}") = "testing-aws-fifo-dotnet", "examples\sqs-fifo-queue\csharp\testing-aws-fifo-dotnet.csproj", "{65199728-F45F-4091-8F6B-3B7028FF9FA6}"
EndProject
Global
	GlobalSection(SolutionConfigurationPlatforms) = preSolution
		Debug|Any CPU = Debug|Any CPU
		Release|Any CPU = Release|Any CPU
	EndGlobalSection
	GlobalSection(ProjectConfigurationPlatforms) = postSolution
		{F3769096-E99B-46D9-B47B-68D497C5AAFA}.Debug|Any CPU.ActiveCfg = Debug|Any CPU
		{F3769096-E99B-46D9-B47B-68D497C5AAFA}.Debug|Any CPU.Build.0 = Debug|Any CPU
		{F3769096-E99B-46D9-B47B-68D497C5AAFA}.Release|Any CPU.ActiveCfg = Release|Any CPU
		{F3769096-E99B-46D9-B47B-68D497C5AAFA}.Release|Any CPU.Build.0 = Release|Any CPU
		{14854AEF-6BFA-4E49-932F-95F94293C4B6}.Debug|Any CPU.ActiveCfg = Debug|Any CPU
		{14854AEF-6BFA-4E49-932F-95F94293C4B6}.Debug|Any CPU.Build.0 = Debug|Any CPU
		{14854AEF-6BFA-4E49-932F-95F94293C4B6}.Release|Any CPU.ActiveCfg = Release|Any CPU
		{14854AEF-6BFA-4E49-932F-95F94293C4B6}.Release|Any CPU.Build.0 = Release|Any CPU
		{65199728-F45F-4091-8F6B-3B7028FF9FA6}.Debug|Any CPU.ActiveCfg = Debug|Any CPU
		{65199728-F45F-4091-8F6B-3B7028FF9FA6}.Debug|Any CPU.Build.0 = Debug|Any CPU
		{65199728-F45F-4091-8F6B-3B7028FF9FA6}.Release|Any CPU.ActiveCfg = Release|Any CPU
		{65199728-F45F-4091-8F6B-3B7028FF9FA6}.Release|Any CPU.Build.0 = Release|Any CPU
	EndGlobalSection
	GlobalSection(SolutionProperties) = preSolution
		HideSolutionNode = FALSE
	EndGlobalSection
	GlobalSection(NestedProjects) = preSolution
		{F3769096-E99B-46D9-B47B-68D497C5AAFA} = {6F3521B2-2848-4842-8810-D5399065DEF4}
		{14854AEF-6BFA-4E49-932F-95F94293C4B6} = {E9EA1AF7-175B-4074-8388-50945C57D25B}
		{304E7333-D3CC-4975-A952-D2B9C684660C} = {E9EA1AF7-175B-4074-8388-50945C57D25B}
		{65199728-F45F-4091-8F6B-3B7028FF9FA6} = {304E7333-D3CC-4975-A952-D2B9C684660C}
	EndGlobalSection
	GlobalSection(ExtensibilityGlobals) = postSolution
		SolutionGuid = {E0913ED9-B18E-43B9-8A86-5203CFFA39B3}
	EndGlobalSection
EndGlobal
