# THIS IS AN AUTOGENERATED FILE. DO NOT EDIT THIS FILE DIRECTLY.
# yarn lockfile v1


"@types/node@^8.0.25":
  version "8.0.26"
  resolved "https://registry.yarnpkg.com/@types/node/-/node-8.0.26.tgz#4d58be925306fd22b1141085535a0268b8beb189"

typescript@^2.5.0:
  version "2.5.2"
  resolved "https://registry.yarnpkg.com/typescript/-/typescript-2.5.2.tgz#038a95f7d9bbb420b1bf35ba31d4c5c1dd3ffe34"
