[[tools.dotnet]]
version = "8.0.414"
backend = "asdf:dotnet"

[[tools."github:pulumi/pulumictl"]]
version = "0.0.50"
backend = "github:pulumi/pulumictl"

[tools."github:pulumi/pulumictl".platforms.linux-x64]
checksum = "blake3:c128dd74993f779c613296fe7cd21c20cbd323f24e59cb76e007620660b60348"
name = "pulumictl-v0.0.50-linux-amd64.tar.gz"
size = 27744219
url = "https://github.com/pulumi/pulumictl/releases/download/v0.0.50/pulumictl-v0.0.50-linux-amd64.tar.gz"
url_api = ""

[[tools."github:pulumi/schema-tools"]]
version = "0.6.0"
backend = "github:pulumi/schema-tools"

[tools."github:pulumi/schema-tools".platforms.linux-x64]
checksum = "blake3:82dfe616fee18b4258f6e3d2dc3c4e9f14afd43a0a4cc33eff2d2a04088d6ca3"
name = "schema-tools-v0.6.0-linux-amd64.tar.gz"
size = 14282746
url = "https://github.com/pulumi/schema-tools/releases/download/v0.6.0/schema-tools-v0.6.0-linux-amd64.tar.gz"
url_api = ""

[[tools.go]]
version = "1.24.6"
backend = "core:go"

[tools.go.platforms.linux-x64]
checksum = "sha256:bbca37cc395c974ffa4893ee35819ad23ebb27426df87af92e93a9ec66ef8712"
size = 78583176
url = "https://dl.google.com/go/go1.24.6.linux-amd64.tar.gz"

[[tools.golangci-lint]]
version = "1.64.8"
backend = "aqua:golangci/golangci-lint"

[tools.golangci-lint.platforms.linux-x64]
checksum = "sha256:b6270687afb143d019f387c791cd2a6f1cb383be9b3124d241ca11bd3ce2e54e"
size = 12364828
url = "https://github.com/golangci/golangci-lint/releases/download/v1.64.8/golangci-lint-1.64.8-linux-amd64.tar.gz"

[[tools.gradle]]
version = "7.6.6"
backend = "aqua:gradle/gradle"

[tools.gradle.platforms.linux-x64]
checksum = "blake3:5cad8fc455b720b68a0bd2907d435e2919581708243f84f27845fe8812a09323"
size = 128439774
url = "https://github.com/gradle/gradle-distributions/releases/download/v7.6.6/gradle-7.6.6-bin.zip"

[[tools.java]]
version = "corretto-11.0.28.6.1"
backend = "core:java"

[tools.java.platforms.linux-x64]
checksum = "sha256:70734c46e0bbeb7f45b721756ba0b2f1f1e1ef85a11e10d5a488f06b257dadd9"
size = 195648709
url = "https://corretto.aws/downloads/resources/11.0.28.6.1/amazon-corretto-11.0.28.6.1-linux-x64.tar.gz"

[[tools.node]]
version = "20.19.5"
backend = "core:node"

[tools.node.platforms.linux-x64]
checksum = "sha256:4eba5fbe1fb10753bc06e42f001a91c5cec16798b7764a3e9257adc59af47fe1"
size = 47041607
url = "https://nodejs.org/dist/v20.19.5/node-v20.19.5-linux-x64.tar.gz"

[[tools."npm:yarn"]]
version = "1.22.22"
backend = "npm:yarn"

[[tools.pulumi]]
version = "3.190.0"
backend = "aqua:pulumi/pulumi"

[tools.pulumi.platforms.linux-x64]
checksum = "sha512:1847aaa3c3c0202cff9cbd3f547c5965abb2b2f83199b47c36c23121d7c860662b6d817226709fc3eadd24551a30ab656699d2eb992d2085bb90db6c195c2379"
size = 92837374
url = "https://github.com/pulumi/pulumi/releases/download/v3.190.0/pulumi-v3.190.0-linux-x64.tar.gz"

[[tools.python]]
version = "3.11.8"
backend = "core:python"
