# THIS IS AN AUTOGENERATED FILE. DO NOT EDIT THIS FILE DIRECTLY.
# yarn lockfile v1


"@types/node@^8.0.27":
  version "8.0.27"
  resolved "https://registry.yarnpkg.com/@types/node/-/node-8.0.27.tgz#13fbe7e92afeecebb843d7cea6c15b521e0000e1"

typescript@^2.1.4:
  version "2.5.2"
  resolved "https://registry.yarnpkg.com/typescript/-/typescript-2.5.2.tgz#038a95f7d9bbb420b1bf35ba31d4c5c1dd3ffe34"
